
Microsoft Visual Studio Solution File, Format Version 12.00
# Visual Studio 14
VisualStudioVersion = 14.0.25420.1
MinimumVisualStudioVersion = 10.0.40219.1
Project("{FAE04EC0-301F-11D3-BF4B-00C04F79EFBC}") = "04 - Array", "04 - Array\04 - Array.csproj", "{1BA95B29-9764-4FAC-B24F-2A85D6877FBF}"
EndProject
Project("{FAE04EC0-301F-11D3-BF4B-00C04F79EFBC}") = "05 - Strings", "05 - Strings\05 - Strings.csproj", "{73F01BFC-F339-4A6A-ACB1-08E1A47331D8}"
EndProject
Project("{FAE04EC0-301F-11D3-BF4B-00C04F79EFBC}") = "06 - SelectionStatements", "06 - SelectionStatements\06 - SelectionStatements.csproj", "{EDCEAEE8-9732-4904-AB7A-16D54C034DB1}"
EndProject
Project("{FAE04EC0-301F-11D3-BF4B-00C04F79EFBC}") = "07 - Generics", "07 - Generics\07 - Generics.csproj", "{11DEA804-DE53-4194-896F-330537C109D7}"
EndProject
Project("{FAE04EC0-301F-11D3-BF4B-00C04F79EFBC}") = "08 - IterationStatements", "08 - IterationStatements\08 - IterationStatements.csproj", "{9263BB95-4F63-41A1-B6C3-445646369398}"
EndProject
Project("{FAE04EC0-301F-11D3-BF4B-00C04F79EFBC}") = "01 - HelloWorld", "01 - HelloWorld\01 - HelloWorld.csproj", "{1590FD6B-DDA5-4E4C-A4A7-E4C825817A29}"
EndProject
Project("{FAE04EC0-301F-11D3-BF4B-00C04F79EFBC}") = "02 - ValueTypes", "02 - ValueTypes\02 - ValueTypes.csproj", "{D19B37F9-2480-4CD4-8120-BBFFF9C0CD36}"
EndProject
Project("{FAE04EC0-301F-11D3-BF4B-00C04F79EFBC}") = "03 - Boxing", "03 - Boxing\03 - Boxing.csproj", "{E3DE1F0A-2A33-4187-BDF1-58BD3AF5E123}"
EndProject
Global
	GlobalSection(SolutionConfigurationPlatforms) = preSolution
		Debug|Any CPU = Debug|Any CPU
		Debug|x86 = Debug|x86
		Release|Any CPU = Release|Any CPU
		Release|x86 = Release|x86
	EndGlobalSection
	GlobalSection(ProjectConfigurationPlatforms) = postSolution
		{1BA95B29-9764-4FAC-B24F-2A85D6877FBF}.Debug|Any CPU.ActiveCfg = Debug|Any CPU
		{1BA95B29-9764-4FAC-B24F-2A85D6877FBF}.Debug|Any CPU.Build.0 = Debug|Any CPU
		{1BA95B29-9764-4FAC-B24F-2A85D6877FBF}.Debug|x86.ActiveCfg = Debug|Any CPU
		{1BA95B29-9764-4FAC-B24F-2A85D6877FBF}.Debug|x86.Build.0 = Debug|Any CPU
		{1BA95B29-9764-4FAC-B24F-2A85D6877FBF}.Release|Any CPU.ActiveCfg = Release|Any CPU
		{1BA95B29-9764-4FAC-B24F-2A85D6877FBF}.Release|Any CPU.Build.0 = Release|Any CPU
		{1BA95B29-9764-4FAC-B24F-2A85D6877FBF}.Release|x86.ActiveCfg = Release|Any CPU
		{1BA95B29-9764-4FAC-B24F-2A85D6877FBF}.Release|x86.Build.0 = Release|Any CPU
		{73F01BFC-F339-4A6A-ACB1-08E1A47331D8}.Debug|Any CPU.ActiveCfg = Debug|Any CPU
		{73F01BFC-F339-4A6A-ACB1-08E1A47331D8}.Debug|Any CPU.Build.0 = Debug|Any CPU
		{73F01BFC-F339-4A6A-ACB1-08E1A47331D8}.Debug|x86.ActiveCfg = Debug|Any CPU
		{73F01BFC-F339-4A6A-ACB1-08E1A47331D8}.Debug|x86.Build.0 = Debug|Any CPU
		{73F01BFC-F339-4A6A-ACB1-08E1A47331D8}.Release|Any CPU.ActiveCfg = Release|Any CPU
		{73F01BFC-F339-4A6A-ACB1-08E1A47331D8}.Release|Any CPU.Build.0 = Release|Any CPU
		{73F01BFC-F339-4A6A-ACB1-08E1A47331D8}.Release|x86.ActiveCfg = Release|Any CPU
		{73F01BFC-F339-4A6A-ACB1-08E1A47331D8}.Release|x86.Build.0 = Release|Any CPU
		{EDCEAEE8-9732-4904-AB7A-16D54C034DB1}.Debug|Any CPU.ActiveCfg = Debug|Any CPU
		{EDCEAEE8-9732-4904-AB7A-16D54C034DB1}.Debug|Any CPU.Build.0 = Debug|Any CPU
		{EDCEAEE8-9732-4904-AB7A-16D54C034DB1}.Debug|x86.ActiveCfg = Debug|Any CPU
		{EDCEAEE8-9732-4904-AB7A-16D54C034DB1}.Debug|x86.Build.0 = Debug|Any CPU
		{EDCEAEE8-9732-4904-AB7A-16D54C034DB1}.Release|Any CPU.ActiveCfg = Release|Any CPU
		{EDCEAEE8-9732-4904-AB7A-16D54C034DB1}.Release|Any CPU.Build.0 = Release|Any CPU
		{EDCEAEE8-9732-4904-AB7A-16D54C034DB1}.Release|x86.ActiveCfg = Release|Any CPU
		{EDCEAEE8-9732-4904-AB7A-16D54C034DB1}.Release|x86.Build.0 = Release|Any CPU
		{11DEA804-DE53-4194-896F-330537C109D7}.Debug|Any CPU.ActiveCfg = Debug|Any CPU
		{11DEA804-DE53-4194-896F-330537C109D7}.Debug|Any CPU.Build.0 = Debug|Any CPU
		{11DEA804-DE53-4194-896F-330537C109D7}.Debug|x86.ActiveCfg = Debug|Any CPU
		{11DEA804-DE53-4194-896F-330537C109D7}.Debug|x86.Build.0 = Debug|Any CPU
		{11DEA804-DE53-4194-896F-330537C109D7}.Release|Any CPU.ActiveCfg = Release|Any CPU
		{11DEA804-DE53-4194-896F-330537C109D7}.Release|Any CPU.Build.0 = Release|Any CPU
		{11DEA804-DE53-4194-896F-330537C109D7}.Release|x86.ActiveCfg = Release|Any CPU
		{11DEA804-DE53-4194-896F-330537C109D7}.Release|x86.Build.0 = Release|Any CPU
		{9263BB95-4F63-41A1-B6C3-445646369398}.Debug|Any CPU.ActiveCfg = Debug|Any CPU
		{9263BB95-4F63-41A1-B6C3-445646369398}.Debug|Any CPU.Build.0 = Debug|Any CPU
		{9263BB95-4F63-41A1-B6C3-445646369398}.Debug|x86.ActiveCfg = Debug|Any CPU
		{9263BB95-4F63-41A1-B6C3-445646369398}.Debug|x86.Build.0 = Debug|Any CPU
		{9263BB95-4F63-41A1-B6C3-445646369398}.Release|Any CPU.ActiveCfg = Release|Any CPU
		{9263BB95-4F63-41A1-B6C3-445646369398}.Release|Any CPU.Build.0 = Release|Any CPU
		{9263BB95-4F63-41A1-B6C3-445646369398}.Release|x86.ActiveCfg = Release|Any CPU
		{9263BB95-4F63-41A1-B6C3-445646369398}.Release|x86.Build.0 = Release|Any CPU
		{1590FD6B-DDA5-4E4C-A4A7-E4C825817A29}.Debug|Any CPU.ActiveCfg = Debug|Any CPU
		{1590FD6B-DDA5-4E4C-A4A7-E4C825817A29}.Debug|Any CPU.Build.0 = Debug|Any CPU
		{1590FD6B-DDA5-4E4C-A4A7-E4C825817A29}.Debug|x86.ActiveCfg = Debug|Any CPU
		{1590FD6B-DDA5-4E4C-A4A7-E4C825817A29}.Debug|x86.Build.0 = Debug|Any CPU
		{1590FD6B-DDA5-4E4C-A4A7-E4C825817A29}.Release|Any CPU.ActiveCfg = Release|Any CPU
		{1590FD6B-DDA5-4E4C-A4A7-E4C825817A29}.Release|Any CPU.Build.0 = Release|Any CPU
		{1590FD6B-DDA5-4E4C-A4A7-E4C825817A29}.Release|x86.ActiveCfg = Release|Any CPU
		{1590FD6B-DDA5-4E4C-A4A7-E4C825817A29}.Release|x86.Build.0 = Release|Any CPU
		{D19B37F9-2480-4CD4-8120-BBFFF9C0CD36}.Debug|Any CPU.ActiveCfg = Debug|Any CPU
		{D19B37F9-2480-4CD4-8120-BBFFF9C0CD36}.Debug|Any CPU.Build.0 = Debug|Any CPU
		{D19B37F9-2480-4CD4-8120-BBFFF9C0CD36}.Debug|x86.ActiveCfg = Debug|Any CPU
		{D19B37F9-2480-4CD4-8120-BBFFF9C0CD36}.Debug|x86.Build.0 = Debug|Any CPU
		{D19B37F9-2480-4CD4-8120-BBFFF9C0CD36}.Release|Any CPU.ActiveCfg = Release|Any CPU
		{D19B37F9-2480-4CD4-8120-BBFFF9C0CD36}.Release|Any CPU.Build.0 = Release|Any CPU
		{D19B37F9-2480-4CD4-8120-BBFFF9C0CD36}.Release|x86.ActiveCfg = Release|Any CPU
		{D19B37F9-2480-4CD4-8120-BBFFF9C0CD36}.Release|x86.Build.0 = Release|Any CPU
		{E3DE1F0A-2A33-4187-BDF1-58BD3AF5E123}.Debug|Any CPU.ActiveCfg = Debug|Any CPU
		{E3DE1F0A-2A33-4187-BDF1-58BD3AF5E123}.Debug|Any CPU.Build.0 = Debug|Any CPU
		{E3DE1F0A-2A33-4187-BDF1-58BD3AF5E123}.Debug|x86.ActiveCfg = Debug|Any CPU
		{E3DE1F0A-2A33-4187-BDF1-58BD3AF5E123}.Debug|x86.Build.0 = Debug|Any CPU
		{E3DE1F0A-2A33-4187-BDF1-58BD3AF5E123}.Release|Any CPU.ActiveCfg = Release|Any CPU
		{E3DE1F0A-2A33-4187-BDF1-58BD3AF5E123}.Release|Any CPU.Build.0 = Release|Any CPU
		{E3DE1F0A-2A33-4187-BDF1-58BD3AF5E123}.Release|x86.ActiveCfg = Release|Any CPU
		{E3DE1F0A-2A33-4187-BDF1-58BD3AF5E123}.Release|x86.Build.0 = Release|Any CPU
	EndGlobalSection
	GlobalSection(SolutionProperties) = preSolution
		HideSolutionNode = FALSE
	EndGlobalSection
EndGlobal
